// !$*UTF8*$!
{
	archiveVersion = 1;
	classes = {
	};
	objectVersion = 46;
	objects = {

/* Begin PBXBuildFile section */
		93290D951C8BAF8000EBBAA1 /* MainTableViewController.m in Sources */ = {isa = PBXBuildFile; fileRef = 93290D941C8BAF8000EBBAA1 /* MainTableViewController.m */; };
		93290D9B1C8BB39C00EBBAA1 /* CoreDataHelper.m in Sources */ = {isa = PBXBuildFile; fileRef = 93290D9A1C8BB39C00EBBAA1 /* CoreDataHelper.m */; };
		93354E571DB7C24F0068F194 /* ExerciseList+CoreDataClass.m in Sources */ = {isa = PBXBuildFile; fileRef = 93354E4C1DB7C24F0068F194 /* ExerciseList+CoreDataClass.m */; };
		93354E581DB7C24F0068F194 /* ExerciseList+CoreDataProperties.m in Sources */ = {isa = PBXBuildFile; fileRef = 93354E4E1DB7C24F0068F194 /* ExerciseList+CoreDataProperties.m */; };
		93354E591DB7C24F0068F194 /* Date+CoreDataClass.m in Sources */ = {isa = PBXBuildFile; fileRef = 93354E501DB7C24F0068F194 /* Date+CoreDataClass.m */; };
		93354E5A1DB7C24F0068F194 /* Date+CoreDataProperties.m in Sources */ = {isa = PBXBuildFile; fileRef = 93354E521DB7C24F0068F194 /* Date+CoreDataProperties.m */; };
		93354E5B1DB7C24F0068F194 /* Exercise+CoreDataClass.m in Sources */ = {isa = PBXBuildFile; fileRef = 93354E541DB7C24F0068F194 /* Exercise+CoreDataClass.m */; };
		93354E5C1DB7C24F0068F194 /* Exercise+CoreDataProperties.m in Sources */ = {isa = PBXBuildFile; fileRef = 93354E561DB7C24F0068F194 /* Exercise+CoreDataProperties.m */; };
		93354E671DB7E60F0068F194 /* Model.xcdatamodeld in Sources */ = {isa = PBXBuildFile; fileRef = 93FF90C71D7F0FFE00A1BBFC /* Model.xcdatamodeld */; };
		9348650E1D80823D00860821 /* LastModified.m in Sources */ = {isa = PBXBuildFile; fileRef = 9348650D1D80823D00860821 /* LastModified.m */; };
		936464C11E1D5CB7006A283C /* ChartsCreator.swift in Sources */ = {isa = PBXBuildFile; fileRef = 936464C01E1D5CB7006A283C /* ChartsCreator.swift */; };
		936464C81E1E96EA006A283C /* AutoLock.m in Sources */ = {isa = PBXBuildFile; fileRef = 936464C71E1E96EA006A283C /* AutoLock.m */; };
		9373B9D21E109EB9001CF25D /* ReferenceProxy in Frameworks */ = {isa = PBXBuildFile; fileRef = 9373B9CD1E109E95001CF25D /* Charts.framework */; };
		9373B9D31E109EB9001CF25D /* ReferenceProxy in Embed Frameworks */ = {isa = PBXBuildFile; fileRef = 9373B9CD1E109E95001CF25D /* Charts.framework */; settings = {ATTRIBUTES = (CodeSignOnCopy, RemoveHeadersOnCopy, ); }; };
		9373B9DA1E10A01E001CF25D /* ChartViewController.swift in Sources */ = {isa = PBXBuildFile; fileRef = 9373B9D91E10A01E001CF25D /* ChartViewController.swift */; };
		9373B9DF1E10AAFD001CF25D /* TrackerTableViewController.m in Sources */ = {isa = PBXBuildFile; fileRef = 9373B9DE1E10AAFD001CF25D /* TrackerTableViewController.m */; };
		93843F171CA4F2EE009F1AEE /* SettingsTableViewController.m in Sources */ = {isa = PBXBuildFile; fileRef = 93843F161CA4F2EE009F1AEE /* SettingsTableViewController.m */; };
		938DA3201C913B8B0060F8FD /* WorkoutViewController.m in Sources */ = {isa = PBXBuildFile; fileRef = 938DA31F1C913B8B0060F8FD /* WorkoutViewController.m */; };
		93D9C7FE1D95B8F0006384B6 /* ExerciseLister.m in Sources */ = {isa = PBXBuildFile; fileRef = 93D9C7FD1D95B8F0006384B6 /* ExerciseLister.m */; };
		93D9C8011D96E437006384B6 /* ExerciseAdder.m in Sources */ = {isa = PBXBuildFile; fileRef = 93D9C8001D96E437006384B6 /* ExerciseAdder.m */; };
		93DECD8B1CEE41F1002128F3 /* new_greenbutton.png in Resources */ = {isa = PBXBuildFile; fileRef = 93DECD891CEE41F1002128F3 /* new_greenbutton.png */; };
		93DECD8C1CEE41F1002128F3 /* new_redbutton.png in Resources */ = {isa = PBXBuildFile; fileRef = 93DECD8A1CEE41F1002128F3 /* new_redbutton.png */; };
		93E7ED201CFF1C60008CB16D /* DateChecker.m in Sources */ = {isa = PBXBuildFile; fileRef = 93E7ED1D1CFF1C60008CB16D /* DateChecker.m */; };
		93E7ED211CFF1C60008CB16D /* DateFormat.m in Sources */ = {isa = PBXBuildFile; fileRef = 93E7ED1F1CFF1C60008CB16D /* DateFormat.m */; };
		93E98D5F1D95940C00222FCB /* CleanupClass.m in Sources */ = {isa = PBXBuildFile; fileRef = 93E98D5E1D95940C00222FCB /* CleanupClass.m */; };
		93F11FA01C84A127009E6428 /* main.m in Sources */ = {isa = PBXBuildFile; fileRef = 93F11F9F1C84A127009E6428 /* main.m */; };
		93F11FA31C84A127009E6428 /* AppDelegate.m in Sources */ = {isa = PBXBuildFile; fileRef = 93F11FA21C84A127009E6428 /* AppDelegate.m */; };
		93F11FA91C84A127009E6428 /* Main.storyboard in Resources */ = {isa = PBXBuildFile; fileRef = 93F11FA71C84A127009E6428 /* Main.storyboard */; };
		93F11FAB1C84A127009E6428 /* Assets.xcassets in Resources */ = {isa = PBXBuildFile; fileRef = 93F11FAA1C84A127009E6428 /* Assets.xcassets */; };
		93F11FAE1C84A127009E6428 /* LaunchScreen.storyboard in Resources */ = {isa = PBXBuildFile; fileRef = 93F11FAC1C84A127009E6428 /* LaunchScreen.storyboard */; };
		93F11FB71C84A51D009E6428 /* SetupViewController.m in Sources */ = {isa = PBXBuildFile; fileRef = 93F11FB61C84A51D009E6428 /* SetupViewController.m */; };
		98FB4153C3F4D020A02A0E44 /* libPods-iWorkout.a in Frameworks */ = {isa = PBXBuildFile; fileRef = 0812607ECF86814EFB09F06F /* libPods-iWorkout.a */; };
/* End PBXBuildFile section */

/* Begin PBXContainerItemProxy section */
		9373B9CC1E109E95001CF25D /* PBXContainerItemProxy */ = {
			isa = PBXContainerItemProxy;
			containerPortal = 9373B9C61E109E94001CF25D /* Charts.xcodeproj */;
			proxyType = 2;
			remoteGlobalIDString = 06165F241D8110E600722320;
			remoteInfo = Charts;
		};
		9373B9CE1E109E95001CF25D /* PBXContainerItemProxy */ = {
			isa = PBXContainerItemProxy;
			containerPortal = 9373B9C61E109E94001CF25D /* Charts.xcodeproj */;
			proxyType = 2;
			remoteGlobalIDString = 06B120D51D811E6200D14B02;
			remoteInfo = ChartsRealm;
		};
		9373B9D01E109E95001CF25D /* PBXContainerItemProxy */ = {
			isa = PBXContainerItemProxy;
			containerPortal = 9373B9C61E109E94001CF25D /* Charts.xcodeproj */;
			proxyType = 2;
			remoteGlobalIDString = 06165F2E1D8110E600722320;
			remoteInfo = ChartsTests;
		};
		9373B9D41E109EB9001CF25D /* PBXContainerItemProxy */ = {
			isa = PBXContainerItemProxy;
			containerPortal = 9373B9C61E109E94001CF25D /* Charts.xcodeproj */;
			proxyType = 1;
			remoteGlobalIDString = 06165F231D8110E600722320;
			remoteInfo = Charts;
		};
/* End PBXContainerItemProxy section */

/* Begin PBXCopyFilesBuildPhase section */
		9373B9D61E109EB9001CF25D /* Embed Frameworks */ = {
			isa = PBXCopyFilesBuildPhase;
			buildActionMask = 2147483647;
			dstPath = "";
			dstSubfolderSpec = 10;
			files = (
				9373B9D31E109EB9001CF25D /* ReferenceProxy in Embed Frameworks */,
			);
			name = "Embed Frameworks";
			runOnlyForDeploymentPostprocessing = 0;
		};
/* End PBXCopyFilesBuildPhase section */

/* Begin PBXFileReference section */
		0812607ECF86814EFB09F06F /* libPods-iWorkout.a */ = {isa = PBXFileReference; explicitFileType = archive.ar; includeInIndex = 0; path = "libPods-iWorkout.a"; sourceTree = BUILT_PRODUCTS_DIR; };
		93290D931C8BAF8000EBBAA1 /* MainTableViewController.h */ = {isa = PBXFileReference; fileEncoding = 4; lastKnownFileType = sourcecode.c.h; path = MainTableViewController.h; sourceTree = "<group>"; };
		93290D941C8BAF8000EBBAA1 /* MainTableViewController.m */ = {isa = PBXFileReference; fileEncoding = 4; lastKnownFileType = sourcecode.c.objc; path = MainTableViewController.m; sourceTree = "<group>"; };
		93290D991C8BB39C00EBBAA1 /* CoreDataHelper.h */ = {isa = PBXFileReference; fileEncoding = 4; lastKnownFileType = sourcecode.c.h; path = CoreDataHelper.h; sourceTree = "<group>"; };
		93290D9A1C8BB39C00EBBAA1 /* CoreDataHelper.m */ = {isa = PBXFileReference; fileEncoding = 4; lastKnownFileType = sourcecode.c.objc; path = CoreDataHelper.m; sourceTree = "<group>"; };
		93354E4B1DB7C24F0068F194 /* ExerciseList+CoreDataClass.h */ = {isa = PBXFileReference; fileEncoding = 4; lastKnownFileType = sourcecode.c.h; name = "ExerciseList+CoreDataClass.h"; path = "../ExerciseList+CoreDataClass.h"; sourceTree = "<group>"; };
		93354E4C1DB7C24F0068F194 /* ExerciseList+CoreDataClass.m */ = {isa = PBXFileReference; fileEncoding = 4; lastKnownFileType = sourcecode.c.objc; name = "ExerciseList+CoreDataClass.m"; path = "../ExerciseList+CoreDataClass.m"; sourceTree = "<group>"; };
		93354E4D1DB7C24F0068F194 /* ExerciseList+CoreDataProperties.h */ = {isa = PBXFileReference; fileEncoding = 4; lastKnownFileType = sourcecode.c.h; name = "ExerciseList+CoreDataProperties.h"; path = "../ExerciseList+CoreDataProperties.h"; sourceTree = "<group>"; };
		93354E4E1DB7C24F0068F194 /* ExerciseList+CoreDataProperties.m */ = {isa = PBXFileReference; fileEncoding = 4; lastKnownFileType = sourcecode.c.objc; name = "ExerciseList+CoreDataProperties.m"; path = "../ExerciseList+CoreDataProperties.m"; sourceTree = "<group>"; };
		93354E4F1DB7C24F0068F194 /* Date+CoreDataClass.h */ = {isa = PBXFileReference; fileEncoding = 4; lastKnownFileType = sourcecode.c.h; name = "Date+CoreDataClass.h"; path = "../Date+CoreDataClass.h"; sourceTree = "<group>"; };
		93354E501DB7C24F0068F194 /* Date+CoreDataClass.m */ = {isa = PBXFileReference; fileEncoding = 4; lastKnownFileType = sourcecode.c.objc; name = "Date+CoreDataClass.m"; path = "../Date+CoreDataClass.m"; sourceTree = "<group>"; };
		93354E511DB7C24F0068F194 /* Date+CoreDataProperties.h */ = {isa = PBXFileReference; fileEncoding = 4; lastKnownFileType = sourcecode.c.h; name = "Date+CoreDataProperties.h"; path = "../Date+CoreDataProperties.h"; sourceTree = "<group>"; };
		93354E521DB7C24F0068F194 /* Date+CoreDataProperties.m */ = {isa = PBXFileReference; fileEncoding = 4; lastKnownFileType = sourcecode.c.objc; name = "Date+CoreDataProperties.m"; path = "../Date+CoreDataProperties.m"; sourceTree = "<group>"; };
		93354E531DB7C24F0068F194 /* Exercise+CoreDataClass.h */ = {isa = PBXFileReference; fileEncoding = 4; lastKnownFileType = sourcecode.c.h; name = "Exercise+CoreDataClass.h"; path = "../Exercise+CoreDataClass.h"; sourceTree = "<group>"; };
		93354E541DB7C24F0068F194 /* Exercise+CoreDataClass.m */ = {isa = PBXFileReference; fileEncoding = 4; lastKnownFileType = sourcecode.c.objc; name = "Exercise+CoreDataClass.m"; path = "../Exercise+CoreDataClass.m"; sourceTree = "<group>"; };
		93354E551DB7C24F0068F194 /* Exercise+CoreDataProperties.h */ = {isa = PBXFileReference; fileEncoding = 4; lastKnownFileType = sourcecode.c.h; name = "Exercise+CoreDataProperties.h"; path = "../Exercise+CoreDataProperties.h"; sourceTree = "<group>"; };
		93354E561DB7C24F0068F194 /* Exercise+CoreDataProperties.m */ = {isa = PBXFileReference; fileEncoding = 4; lastKnownFileType = sourcecode.c.objc; name = "Exercise+CoreDataProperties.m"; path = "../Exercise+CoreDataProperties.m"; sourceTree = "<group>"; };
		9348650C1D80823C00860821 /* LastModified.h */ = {isa = PBXFileReference; fileEncoding = 4; lastKnownFileType = sourcecode.c.h; path = LastModified.h; sourceTree = "<group>"; };
		9348650D1D80823D00860821 /* LastModified.m */ = {isa = PBXFileReference; fileEncoding = 4; lastKnownFileType = sourcecode.c.objc; path = LastModified.m; sourceTree = "<group>"; };
		936464C01E1D5CB7006A283C /* ChartsCreator.swift */ = {isa = PBXFileReference; fileEncoding = 4; lastKnownFileType = sourcecode.swift; path = ChartsCreator.swift; sourceTree = "<group>"; };
		936464C61E1E96EA006A283C /* AutoLock.h */ = {isa = PBXFileReference; fileEncoding = 4; lastKnownFileType = sourcecode.c.h; path = AutoLock.h; sourceTree = "<group>"; };
		936464C71E1E96EA006A283C /* AutoLock.m */ = {isa = PBXFileReference; fileEncoding = 4; lastKnownFileType = sourcecode.c.objc; path = AutoLock.m; sourceTree = "<group>"; };
		9373B9C61E109E94001CF25D /* Charts.xcodeproj */ = {isa = PBXFileReference; lastKnownFileType = "wrapper.pb-project"; name = Charts.xcodeproj; path = "../../../Downloads/Charts-master/Charts.xcodeproj"; sourceTree = "<group>"; };
		9373B9D81E10A01D001CF25D /* iWorkout-Bridging-Header.h */ = {isa = PBXFileReference; lastKnownFileType = sourcecode.c.h; path = "iWorkout-Bridging-Header.h"; sourceTree = "<group>"; };
		9373B9D91E10A01E001CF25D /* ChartViewController.swift */ = {isa = PBXFileReference; fileEncoding = 4; lastKnownFileType = sourcecode.swift; path = ChartViewController.swift; sourceTree = "<group>"; };
		9373B9DD1E10AAFD001CF25D /* TrackerTableViewController.h */ = {isa = PBXFileReference; fileEncoding = 4; lastKnownFileType = sourcecode.c.h; path = TrackerTableViewController.h; sourceTree = "<group>"; };
		9373B9DE1E10AAFD001CF25D /* TrackerTableViewController.m */ = {isa = PBXFileReference; fileEncoding = 4; lastKnownFileType = sourcecode.c.objc; path = TrackerTableViewController.m; sourceTree = "<group>"; };
		93843F151CA4F2EE009F1AEE /* SettingsTableViewController.h */ = {isa = PBXFileReference; fileEncoding = 4; lastKnownFileType = sourcecode.c.h; path = SettingsTableViewController.h; sourceTree = "<group>"; };
		93843F161CA4F2EE009F1AEE /* SettingsTableViewController.m */ = {isa = PBXFileReference; fileEncoding = 4; lastKnownFileType = sourcecode.c.objc; path = SettingsTableViewController.m; sourceTree = "<group>"; };
		938DA31E1C913B8B0060F8FD /* WorkoutViewController.h */ = {isa = PBXFileReference; fileEncoding = 4; lastKnownFileType = sourcecode.c.h; path = WorkoutViewController.h; sourceTree = "<group>"; };
		938DA31F1C913B8B0060F8FD /* WorkoutViewController.m */ = {isa = PBXFileReference; fileEncoding = 4; lastKnownFileType = sourcecode.c.objc; path = WorkoutViewController.m; sourceTree = "<group>"; };
		93D9C7FC1D95B8F0006384B6 /* ExerciseLister.h */ = {isa = PBXFileReference; fileEncoding = 4; lastKnownFileType = sourcecode.c.h; path = ExerciseLister.h; sourceTree = "<group>"; };
		93D9C7FD1D95B8F0006384B6 /* ExerciseLister.m */ = {isa = PBXFileReference; fileEncoding = 4; lastKnownFileType = sourcecode.c.objc; path = ExerciseLister.m; sourceTree = "<group>"; };
		93D9C7FF1D96E437006384B6 /* ExerciseAdder.h */ = {isa = PBXFileReference; fileEncoding = 4; lastKnownFileType = sourcecode.c.h; path = ExerciseAdder.h; sourceTree = "<group>"; };
		93D9C8001D96E437006384B6 /* ExerciseAdder.m */ = {isa = PBXFileReference; fileEncoding = 4; lastKnownFileType = sourcecode.c.objc; path = ExerciseAdder.m; sourceTree = "<group>"; };
		93DECD891CEE41F1002128F3 /* new_greenbutton.png */ = {isa = PBXFileReference; lastKnownFileType = image.png; path = new_greenbutton.png; sourceTree = "<group>"; };
		93DECD8A1CEE41F1002128F3 /* new_redbutton.png */ = {isa = PBXFileReference; lastKnownFileType = image.png; path = new_redbutton.png; sourceTree = "<group>"; };
		93E7ED1C1CFF1C60008CB16D /* DateChecker.h */ = {isa = PBXFileReference; fileEncoding = 4; lastKnownFileType = sourcecode.c.h; path = DateChecker.h; sourceTree = "<group>"; };
		93E7ED1D1CFF1C60008CB16D /* DateChecker.m */ = {isa = PBXFileReference; fileEncoding = 4; lastKnownFileType = sourcecode.c.objc; path = DateChecker.m; sourceTree = "<group>"; };
		93E7ED1E1CFF1C60008CB16D /* DateFormat.h */ = {isa = PBXFileReference; fileEncoding = 4; lastKnownFileType = sourcecode.c.h; path = DateFormat.h; sourceTree = "<group>"; };
		93E7ED1F1CFF1C60008CB16D /* DateFormat.m */ = {isa = PBXFileReference; fileEncoding = 4; lastKnownFileType = sourcecode.c.objc; path = DateFormat.m; sourceTree = "<group>"; };
		93E98D5D1D95940C00222FCB /* CleanupClass.h */ = {isa = PBXFileReference; fileEncoding = 4; lastKnownFileType = sourcecode.c.h; path = CleanupClass.h; sourceTree = "<group>"; };
		93E98D5E1D95940C00222FCB /* CleanupClass.m */ = {isa = PBXFileReference; fileEncoding = 4; lastKnownFileType = sourcecode.c.objc; path = CleanupClass.m; sourceTree = "<group>"; };
		93F11F9B1C84A127009E6428 /* iWorkout.app */ = {isa = PBXFileReference; explicitFileType = wrapper.application; includeInIndex = 0; path = iWorkout.app; sourceTree = BUILT_PRODUCTS_DIR; };
		93F11F9F1C84A127009E6428 /* main.m */ = {isa = PBXFileReference; lastKnownFileType = sourcecode.c.objc; path = main.m; sourceTree = "<group>"; };
		93F11FA11C84A127009E6428 /* AppDelegate.h */ = {isa = PBXFileReference; lastKnownFileType = sourcecode.c.h; path = AppDelegate.h; sourceTree = "<group>"; };
		93F11FA21C84A127009E6428 /* AppDelegate.m */ = {isa = PBXFileReference; lastKnownFileType = sourcecode.c.objc; path = AppDelegate.m; sourceTree = "<group>"; };
		93F11FA81C84A127009E6428 /* Base */ = {isa = PBXFileReference; lastKnownFileType = file.storyboard; name = Base; path = Base.lproj/Main.storyboard; sourceTree = "<group>"; };
		93F11FAA1C84A127009E6428 /* Assets.xcassets */ = {isa = PBXFileReference; lastKnownFileType = folder.assetcatalog; path = Assets.xcassets; sourceTree = "<group>"; };
		93F11FAD1C84A127009E6428 /* Base */ = {isa = PBXFileReference; lastKnownFileType = file.storyboard; name = Base; path = Base.lproj/LaunchScreen.storyboard; sourceTree = "<group>"; };
		93F11FAF1C84A127009E6428 /* Info.plist */ = {isa = PBXFileReference; lastKnownFileType = text.plist.xml; path = Info.plist; sourceTree = "<group>"; };
		93F11FB51C84A51D009E6428 /* SetupViewController.h */ = {isa = PBXFileReference; fileEncoding = 4; lastKnownFileType = sourcecode.c.h; path = SetupViewController.h; sourceTree = "<group>"; };
		93F11FB61C84A51D009E6428 /* SetupViewController.m */ = {isa = PBXFileReference; fileEncoding = 4; lastKnownFileType = sourcecode.c.objc; path = SetupViewController.m; sourceTree = "<group>"; };
		93FF90C81D7F0FFE00A1BBFC /* Model.xcdatamodel */ = {isa = PBXFileReference; lastKnownFileType = wrapper.xcdatamodel; path = Model.xcdatamodel; sourceTree = "<group>"; };
		DE90B65D63AF8972CCE5622D /* Pods-iWorkout.release.xcconfig */ = {isa = PBXFileReference; includeInIndex = 1; lastKnownFileType = text.xcconfig; name = "Pods-iWorkout.release.xcconfig"; path = "Pods/Target Support Files/Pods-iWorkout/Pods-iWorkout.release.xcconfig"; sourceTree = "<group>"; };
		FC58E45119075F37214EC41D /* Pods-iWorkout.debug.xcconfig */ = {isa = PBXFileReference; includeInIndex = 1; lastKnownFileType = text.xcconfig; name = "Pods-iWorkout.debug.xcconfig"; path = "Pods/Target Support Files/Pods-iWorkout/Pods-iWorkout.debug.xcconfig"; sourceTree = "<group>"; };
/* End PBXFileReference section */

/* Begin PBXFrameworksBuildPhase section */
		93F11F981C84A127009E6428 /* Frameworks */ = {
			isa = PBXFrameworksBuildPhase;
			buildActionMask = 2147483647;
			files = (
				9373B9D21E109EB9001CF25D /* ReferenceProxy in Frameworks */,
				98FB4153C3F4D020A02A0E44 /* libPods-iWorkout.a in Frameworks */,
			);
			runOnlyForDeploymentPostprocessing = 0;
		};
/* End PBXFrameworksBuildPhase section */

/* Begin PBXGroup section */
		5EF8DB63AFFDD9D9C9B541B4 /* Pods */ = {
			isa = PBXGroup;
			children = (
				FC58E45119075F37214EC41D /* Pods-iWorkout.debug.xcconfig */,
				DE90B65D63AF8972CCE5622D /* Pods-iWorkout.release.xcconfig */,
			);
			name = Pods;
			sourceTree = "<group>";
		};
		93290D8F1C8A0F0700EBBAA1 /* Core Data Helpers */ = {
			isa = PBXGroup;
			children = (
				93290D991C8BB39C00EBBAA1 /* CoreDataHelper.h */,
				93290D9A1C8BB39C00EBBAA1 /* CoreDataHelper.m */,
			);
			name = "Core Data Helpers";
			sourceTree = "<group>";
		};
		9373B9B91E109DFF001CF25D /* Core Data Classes */ = {
			isa = PBXGroup;
			children = (
				93354E4B1DB7C24F0068F194 /* ExerciseList+CoreDataClass.h */,
				93354E4C1DB7C24F0068F194 /* ExerciseList+CoreDataClass.m */,
				93354E4D1DB7C24F0068F194 /* ExerciseList+CoreDataProperties.h */,
				93354E4E1DB7C24F0068F194 /* ExerciseList+CoreDataProperties.m */,
				93354E4F1DB7C24F0068F194 /* Date+CoreDataClass.h */,
				93354E501DB7C24F0068F194 /* Date+CoreDataClass.m */,
				93354E511DB7C24F0068F194 /* Date+CoreDataProperties.h */,
				93354E521DB7C24F0068F194 /* Date+CoreDataProperties.m */,
				93354E531DB7C24F0068F194 /* Exercise+CoreDataClass.h */,
				93354E541DB7C24F0068F194 /* Exercise+CoreDataClass.m */,
				93354E551DB7C24F0068F194 /* Exercise+CoreDataProperties.h */,
				93354E561DB7C24F0068F194 /* Exercise+CoreDataProperties.m */,
			);
			name = "Core Data Classes";
			sourceTree = "<group>";
		};
		9373B9C71E109E94001CF25D /* Products */ = {
			isa = PBXGroup;
			children = (
				9373B9CD1E109E95001CF25D /* Charts.framework */,
				9373B9CF1E109E95001CF25D /* ChartsRealm.framework */,
				9373B9D11E109E95001CF25D /* ChartsTests.xctest */,
			);
			name = Products;
			sourceTree = "<group>";
		};
		9373B9D71E109F77001CF25D /* BarChart */ = {
			isa = PBXGroup;
			children = (
				9373B9D91E10A01E001CF25D /* ChartViewController.swift */,
				9373B9D81E10A01D001CF25D /* iWorkout-Bridging-Header.h */,
			);
			name = BarChart;
			sourceTree = "<group>";
		};
		93843F181CA5258D009F1AEE /* images */ = {
			isa = PBXGroup;
			children = (
				93DECD891CEE41F1002128F3 /* new_greenbutton.png */,
				93DECD8A1CEE41F1002128F3 /* new_redbutton.png */,
			);
			name = images;
			sourceTree = "<group>";
		};
		93DECD8D1CEE4FF7002128F3 /* ViewControllers */ = {
			isa = PBXGroup;
			children = (
				93F11FB51C84A51D009E6428 /* SetupViewController.h */,
				93F11FB61C84A51D009E6428 /* SetupViewController.m */,
				93290D931C8BAF8000EBBAA1 /* MainTableViewController.h */,
				93290D941C8BAF8000EBBAA1 /* MainTableViewController.m */,
				938DA31E1C913B8B0060F8FD /* WorkoutViewController.h */,
				938DA31F1C913B8B0060F8FD /* WorkoutViewController.m */,
				93843F151CA4F2EE009F1AEE /* SettingsTableViewController.h */,
				93843F161CA4F2EE009F1AEE /* SettingsTableViewController.m */,
				9373B9DD1E10AAFD001CF25D /* TrackerTableViewController.h */,
				9373B9DE1E10AAFD001CF25D /* TrackerTableViewController.m */,
			);
			name = ViewControllers;
			sourceTree = "<group>";
		};
		93E7ED1B1CFF1C53008CB16D /* Custom Classes */ = {
			isa = PBXGroup;
			children = (
				93E7ED1C1CFF1C60008CB16D /* DateChecker.h */,
				93E7ED1D1CFF1C60008CB16D /* DateChecker.m */,
				93E7ED1E1CFF1C60008CB16D /* DateFormat.h */,
				93E7ED1F1CFF1C60008CB16D /* DateFormat.m */,
				9348650C1D80823C00860821 /* LastModified.h */,
				9348650D1D80823D00860821 /* LastModified.m */,
				93E98D5D1D95940C00222FCB /* CleanupClass.h */,
				93E98D5E1D95940C00222FCB /* CleanupClass.m */,
				93D9C7FC1D95B8F0006384B6 /* ExerciseLister.h */,
				93D9C7FD1D95B8F0006384B6 /* ExerciseLister.m */,
				93D9C7FF1D96E437006384B6 /* ExerciseAdder.h */,
				93D9C8001D96E437006384B6 /* ExerciseAdder.m */,
				936464C01E1D5CB7006A283C /* ChartsCreator.swift */,
				936464C61E1E96EA006A283C /* AutoLock.h */,
				936464C71E1E96EA006A283C /* AutoLock.m */,
			);
			name = "Custom Classes";
			sourceTree = "<group>";
		};
		93F11F921C84A127009E6428 = {
			isa = PBXGroup;
			children = (
				93F11F9D1C84A127009E6428 /* iWorkout */,
				93F11F9C1C84A127009E6428 /* Products */,
				5EF8DB63AFFDD9D9C9B541B4 /* Pods */,
				C77079F9BE0D691787123B6E /* Frameworks */,
			);
			sourceTree = "<group>";
		};
		93F11F9C1C84A127009E6428 /* Products */ = {
			isa = PBXGroup;
			children = (
				93F11F9B1C84A127009E6428 /* iWorkout.app */,
			);
			name = Products;
			sourceTree = "<group>";
		};
		93F11F9D1C84A127009E6428 /* iWorkout */ = {
			isa = PBXGroup;
			children = (
				9373B9D71E109F77001CF25D /* BarChart */,
				9373B9C61E109E94001CF25D /* Charts.xcodeproj */,
				9373B9B91E109DFF001CF25D /* Core Data Classes */,
				93FF90C61D7F0FEC00A1BBFC /* Core Data Models */,
				93E7ED1B1CFF1C53008CB16D /* Custom Classes */,
				93DECD8D1CEE4FF7002128F3 /* ViewControllers */,
				93843F181CA5258D009F1AEE /* images */,
				93290D8F1C8A0F0700EBBAA1 /* Core Data Helpers */,
				93F11FA11C84A127009E6428 /* AppDelegate.h */,
				93F11FA21C84A127009E6428 /* AppDelegate.m */,
				93F11FA71C84A127009E6428 /* Main.storyboard */,
				93F11FAA1C84A127009E6428 /* Assets.xcassets */,
				93F11FAC1C84A127009E6428 /* LaunchScreen.storyboard */,
				93F11FAF1C84A127009E6428 /* Info.plist */,
				93F11F9E1C84A127009E6428 /* Supporting Files */,
			);
			path = iWorkout;
			sourceTree = "<group>";
		};
		93F11F9E1C84A127009E6428 /* Supporting Files */ = {
			isa = PBXGroup;
			children = (
				93F11F9F1C84A127009E6428 /* main.m */,
			);
			name = "Supporting Files";
			sourceTree = "<group>";
		};
		93FF90C61D7F0FEC00A1BBFC /* Core Data Models */ = {
			isa = PBXGroup;
			children = (
				93FF90C71D7F0FFE00A1BBFC /* Model.xcdatamodeld */,
			);
			name = "Core Data Models";
			sourceTree = "<group>";
		};
		C77079F9BE0D691787123B6E /* Frameworks */ = {
			isa = PBXGroup;
			children = (
				0812607ECF86814EFB09F06F /* libPods-iWorkout.a */,
			);
			name = Frameworks;
			sourceTree = "<group>";
		};
/* End PBXGroup section */

/* Begin PBXNativeTarget section */
		93F11F9A1C84A127009E6428 /* iWorkout */ = {
			isa = PBXNativeTarget;
			buildConfigurationList = 93F11FB21C84A127009E6428 /* Build configuration list for PBXNativeTarget "iWorkout" */;
			buildPhases = (
				8A33FD6A8B9492AA61605BC2 /* [CP] Check Pods Manifest.lock */,
				93F11F971C84A127009E6428 /* Sources */,
				93F11F981C84A127009E6428 /* Frameworks */,
				93F11F991C84A127009E6428 /* Resources */,
				9373B9D61E109EB9001CF25D /* Embed Frameworks */,
				2259F4C889D3EBB9C62A671E /* [CP] Embed Pods Frameworks */,
				B0B3739A28A0AFE541D91B18 /* [CP] Copy Pods Resources */,
			);
			buildRules = (
			);
			dependencies = (
				9373B9D51E109EB9001CF25D /* PBXTargetDependency */,
			);
			name = iWorkout;
			productName = iWorkout;
			productReference = 93F11F9B1C84A127009E6428 /* iWorkout.app */;
			productType = "com.apple.product-type.application";
		};
/* End PBXNativeTarget section */

/* Begin PBXProject section */
		93F11F931C84A127009E6428 /* Project object */ = {
			isa = PBXProject;
			attributes = {
				LastUpgradeCheck = 0800;
				ORGANIZATIONNAME = "Dayan Yonnatan";
				TargetAttributes = {
					93F11F9A1C84A127009E6428 = {
						CreatedOnToolsVersion = 7.2.1;
						DevelopmentTeam = S7WE6HW865;
						LastSwiftMigration = 0810;
					};
				};
			};
			buildConfigurationList = 93F11F961C84A127009E6428 /* Build configuration list for PBXProject "iWorkout" */;
			compatibilityVersion = "Xcode 3.2";
			developmentRegion = English;
			hasScannedForEncodings = 0;
			knownRegions = (
				en,
				Base,
			);
			mainGroup = 93F11F921C84A127009E6428;
			productRefGroup = 93F11F9C1C84A127009E6428 /* Products */;
			projectDirPath = "";
			projectReferences = (
				{
					ProductGroup = 9373B9C71E109E94001CF25D /* Products */;
					ProjectRef = 9373B9C61E109E94001CF25D /* Charts.xcodeproj */;
				},
			);
			projectRoot = "";
			targets = (
				93F11F9A1C84A127009E6428 /* iWorkout */,
			);
		};
/* End PBXProject section */

/* Begin PBXReferenceProxy section */
		9373B9CD1E109E95001CF25D /* Charts.framework */ = {
			isa = PBXReferenceProxy;
			fileType = wrapper.framework;
			path = Charts.framework;
			remoteRef = 9373B9CC1E109E95001CF25D /* PBXContainerItemProxy */;
			sourceTree = BUILT_PRODUCTS_DIR;
		};
		9373B9CF1E109E95001CF25D /* ChartsRealm.framework */ = {
			isa = PBXReferenceProxy;
			fileType = wrapper.framework;
			path = ChartsRealm.framework;
			remoteRef = 9373B9CE1E109E95001CF25D /* PBXContainerItemProxy */;
			sourceTree = BUILT_PRODUCTS_DIR;
		};
		9373B9D11E109E95001CF25D /* ChartsTests.xctest */ = {
			isa = PBXReferenceProxy;
			fileType = wrapper.cfbundle;
			path = ChartsTests.xctest;
			remoteRef = 9373B9D01E109E95001CF25D /* PBXContainerItemProxy */;
			sourceTree = BUILT_PRODUCTS_DIR;
		};
/* End PBXReferenceProxy section */

/* Begin PBXResourcesBuildPhase section */
		93F11F991C84A127009E6428 /* Resources */ = {
			isa = PBXResourcesBuildPhase;
			buildActionMask = 2147483647;
			files = (
				93DECD8B1CEE41F1002128F3 /* new_greenbutton.png in Resources */,
				93F11FAE1C84A127009E6428 /* LaunchScreen.storyboard in Resources */,
				93DECD8C1CEE41F1002128F3 /* new_redbutton.png in Resources */,
				93F11FAB1C84A127009E6428 /* Assets.xcassets in Resources */,
				93F11FA91C84A127009E6428 /* Main.storyboard in Resources */,
			);
			runOnlyForDeploymentPostprocessing = 0;
		};
/* End PBXResourcesBuildPhase section */

/* Begin PBXShellScriptBuildPhase section */
		2259F4C889D3EBB9C62A671E /* [CP] Embed Pods Frameworks */ = {
			isa = PBXShellScriptBuildPhase;
			buildActionMask = 2147483647;
			files = (
			);
			inputPaths = (
			);
			name = "[CP] Embed Pods Frameworks";
			outputPaths = (
			);
			runOnlyForDeploymentPostprocessing = 0;
			shellPath = /bin/sh;
			shellScript = "\"${SRCROOT}/Pods/Target Support Files/Pods-iWorkout/Pods-iWorkout-frameworks.sh\"\n";
			showEnvVarsInLog = 0;
		};
		8A33FD6A8B9492AA61605BC2 /* [CP] Check Pods Manifest.lock */ = {
			isa = PBXShellScriptBuildPhase;
			buildActionMask = 2147483647;
			files = (
			);
			inputPaths = (
			);
			name = "[CP] Check Pods Manifest.lock";
			outputPaths = (
			);
			runOnlyForDeploymentPostprocessing = 0;
			shellPath = /bin/sh;
			shellScript = "diff \"${PODS_ROOT}/../Podfile.lock\" \"${PODS_ROOT}/Manifest.lock\" > /dev/null\nif [ $? != 0 ] ; then\n    # print error to STDERR\n    echo \"error: The sandbox is not in sync with the Podfile.lock. Run 'pod install' or update your CocoaPods installation.\" >&2\n    exit 1\nfi\n";
			showEnvVarsInLog = 0;
		};
		B0B3739A28A0AFE541D91B18 /* [CP] Copy Pods Resources */ = {
			isa = PBXShellScriptBuildPhase;
			buildActionMask = 2147483647;
			files = (
			);
			inputPaths = (
			);
			name = "[CP] Copy Pods Resources";
			outputPaths = (
			);
			runOnlyForDeploymentPostprocessing = 0;
			shellPath = /bin/sh;
			shellScript = "\"${SRCROOT}/Pods/Target Support Files/Pods-iWorkout/Pods-iWorkout-resources.sh\"\n";
			showEnvVarsInLog = 0;
		};
/* End PBXShellScriptBuildPhase section */

/* Begin PBXSourcesBuildPhase section */
		93F11F971C84A127009E6428 /* Sources */ = {
			isa = PBXSourcesBuildPhase;
			buildActionMask = 2147483647;
			files = (
				93354E671DB7E60F0068F194 /* Model.xcdatamodeld in Sources */,
				93290D9B1C8BB39C00EBBAA1 /* CoreDataHelper.m in Sources */,
				93354E571DB7C24F0068F194 /* ExerciseList+CoreDataClass.m in Sources */,
				93F11FB71C84A51D009E6428 /* SetupViewController.m in Sources */,
				9373B9DF1E10AAFD001CF25D /* TrackerTableViewController.m in Sources */,
				93E7ED201CFF1C60008CB16D /* DateChecker.m in Sources */,
				93354E591DB7C24F0068F194 /* Date+CoreDataClass.m in Sources */,
				936464C81E1E96EA006A283C /* AutoLock.m in Sources */,
				93843F171CA4F2EE009F1AEE /* SettingsTableViewController.m in Sources */,
				93D9C8011D96E437006384B6 /* ExerciseAdder.m in Sources */,
				93354E581DB7C24F0068F194 /* ExerciseList+CoreDataProperties.m in Sources */,
				93354E5B1DB7C24F0068F194 /* Exercise+CoreDataClass.m in Sources */,
				93E7ED211CFF1C60008CB16D /* DateFormat.m in Sources */,
				9348650E1D80823D00860821 /* LastModified.m in Sources */,
				93354E5C1DB7C24F0068F194 /* Exercise+CoreDataProperties.m in Sources */,
				938DA3201C913B8B0060F8FD /* WorkoutViewController.m in Sources */,
				93F11FA31C84A127009E6428 /* AppDelegate.m in Sources */,
				93290D951C8BAF8000EBBAA1 /* MainTableViewController.m in Sources */,
				93F11FA01C84A127009E6428 /* main.m in Sources */,
				9373B9DA1E10A01E001CF25D /* ChartViewController.swift in Sources */,
				93354E5A1DB7C24F0068F194 /* Date+CoreDataProperties.m in Sources */,
				93D9C7FE1D95B8F0006384B6 /* ExerciseLister.m in Sources */,
				93E98D5F1D95940C00222FCB /* CleanupClass.m in Sources */,
				936464C11E1D5CB7006A283C /* ChartsCreator.swift in Sources */,
			);
			runOnlyForDeploymentPostprocessing = 0;
		};
/* End PBXSourcesBuildPhase section */

/* Begin PBXTargetDependency section */
		9373B9D51E109EB9001CF25D /* PBXTargetDependency */ = {
			isa = PBXTargetDependency;
			name = Charts;
			targetProxy = 9373B9D41E109EB9001CF25D /* PBXContainerItemProxy */;
		};
/* End PBXTargetDependency section */

/* Begin PBXVariantGroup section */
		93F11FA71C84A127009E6428 /* Main.storyboard */ = {
			isa = PBXVariantGroup;
			children = (
				93F11FA81C84A127009E6428 /* Base */,
			);
			name = Main.storyboard;
			sourceTree = "<group>";
		};
		93F11FAC1C84A127009E6428 /* LaunchScreen.storyboard */ = {
			isa = PBXVariantGroup;
			children = (
				93F11FAD1C84A127009E6428 /* Base */,
			);
			name = LaunchScreen.storyboard;
			sourceTree = "<group>";
		};
/* End PBXVariantGroup section */

/* Begin XCBuildConfiguration section */
		93F11FB01C84A127009E6428 /* Debug */ = {
			isa = XCBuildConfiguration;
			buildSettings = {
				ALWAYS_SEARCH_USER_PATHS = NO;
				CLANG_CXX_LANGUAGE_STANDARD = "gnu++0x";
				CLANG_CXX_LIBRARY = "libc++";
				CLANG_ENABLE_MODULES = YES;
				CLANG_ENABLE_OBJC_ARC = YES;
				CLANG_WARN_BOOL_CONVERSION = YES;
				CLANG_WARN_CONSTANT_CONVERSION = YES;
				CLANG_WARN_DIRECT_OBJC_ISA_USAGE = YES_ERROR;
				CLANG_WARN_EMPTY_BODY = YES;
				CLANG_WARN_ENUM_CONVERSION = YES;
				CLANG_WARN_INFINITE_RECURSION = YES;
				CLANG_WARN_INT_CONVERSION = YES;
				CLANG_WARN_OBJC_ROOT_CLASS = YES_ERROR;
				CLANG_WARN_SUSPICIOUS_MOVE = YES;
				CLANG_WARN_UNREACHABLE_CODE = YES;
				CLANG_WARN__DUPLICATE_METHOD_MATCH = YES;
				"CODE_SIGN_IDENTITY[sdk=iphoneos*]" = "iPhone Developer";
				COPY_PHASE_STRIP = NO;
				DEBUG_INFORMATION_FORMAT = dwarf;
				ENABLE_STRICT_OBJC_MSGSEND = YES;
				ENABLE_TESTABILITY = YES;
				GCC_C_LANGUAGE_STANDARD = gnu99;
				GCC_DYNAMIC_NO_PIC = NO;
				GCC_NO_COMMON_BLOCKS = YES;
				GCC_OPTIMIZATION_LEVEL = 0;
				GCC_PREPROCESSOR_DEFINITIONS = (
					"DEBUG=1",
					"$(inherited)",
				);
				GCC_WARN_64_TO_32_BIT_CONVERSION = YES;
				GCC_WARN_ABOUT_RETURN_TYPE = YES_ERROR;
				GCC_WARN_UNDECLARED_SELECTOR = YES;
				GCC_WARN_UNINITIALIZED_AUTOS = YES_AGGRESSIVE;
				GCC_WARN_UNUSED_FUNCTION = YES;
				GCC_WARN_UNUSED_VARIABLE = YES;
				IPHONEOS_DEPLOYMENT_TARGET = 9.2;
				MTL_ENABLE_DEBUG_INFO = YES;
				ONLY_ACTIVE_ARCH = YES;
				SDKROOT = iphoneos;
				SWIFT_OPTIMIZATION_LEVEL = "-Onone";
			};
			name = Debug;
		};
		93F11FB11C84A127009E6428 /* Release */ = {
			isa = XCBuildConfiguration;
			buildSettings = {
				ALWAYS_SEARCH_USER_PATHS = NO;
				CLANG_CXX_LANGUAGE_STANDARD = "gnu++0x";
				CLANG_CXX_LIBRARY = "libc++";
				CLANG_ENABLE_MODULES = YES;
				CLANG_ENABLE_OBJC_ARC = YES;
				CLANG_WARN_BOOL_CONVERSION = YES;
				CLANG_WARN_CONSTANT_CONVERSION = YES;
				CLANG_WARN_DIRECT_OBJC_ISA_USAGE = YES_ERROR;
				CLANG_WARN_EMPTY_BODY = YES;
				CLANG_WARN_ENUM_CONVERSION = YES;
				CLANG_WARN_INFINITE_RECURSION = YES;
				CLANG_WARN_INT_CONVERSION = YES;
				CLANG_WARN_OBJC_ROOT_CLASS = YES_ERROR;
				CLANG_WARN_SUSPICIOUS_MOVE = YES;
				CLANG_WARN_UNREACHABLE_CODE = YES;
				CLANG_WARN__DUPLICATE_METHOD_MATCH = YES;
				"CODE_SIGN_IDENTITY[sdk=iphoneos*]" = "iPhone Developer";
				COPY_PHASE_STRIP = NO;
				DEBUG_INFORMATION_FORMAT = "dwarf-with-dsym";
				ENABLE_NS_ASSERTIONS = NO;
				ENABLE_STRICT_OBJC_MSGSEND = YES;
				GCC_C_LANGUAGE_STANDARD = gnu99;
				GCC_NO_COMMON_BLOCKS = YES;
				GCC_OPTIMIZATION_LEVEL = 0;
				GCC_WARN_64_TO_32_BIT_CONVERSION = YES;
				GCC_WARN_ABOUT_RETURN_TYPE = YES_ERROR;
				GCC_WARN_UNDECLARED_SELECTOR = YES;
				GCC_WARN_UNINITIALIZED_AUTOS = YES_AGGRESSIVE;
				GCC_WARN_UNUSED_FUNCTION = YES;
				GCC_WARN_UNUSED_VARIABLE = YES;
				IPHONEOS_DEPLOYMENT_TARGET = 9.2;
				MTL_ENABLE_DEBUG_INFO = NO;
				SDKROOT = iphoneos;
				SWIFT_OPTIMIZATION_LEVEL = "-O";
				VALIDATE_PRODUCT = YES;
			};
			name = Release;
		};
		93F11FB31C84A127009E6428 /* Debug */ = {
			isa = XCBuildConfiguration;
			baseConfigurationReference = FC58E45119075F37214EC41D /* Pods-iWorkout.debug.xcconfig */;
			buildSettings = {
				ALWAYS_EMBED_SWIFT_STANDARD_LIBRARIES = YES;
				ASSETCATALOG_COMPILER_APPICON_NAME = AppIcon;
				CLANG_ENABLE_MODULES = YES;
				CODE_SIGN_IDENTITY = "iPhone Developer";
				DEVELOPMENT_TEAM = S7WE6HW865;
				INFOPLIST_FILE = iWorkout/Info.plist;
				IPHONEOS_DEPLOYMENT_TARGET = 9.0;
				LD_RUNPATH_SEARCH_PATHS = "$(inherited) @executable_path/Frameworks";
				PRODUCT_BUNDLE_IDENTIFIER = AlwaysHustlin.iWorkout;
				PRODUCT_NAME = "$(TARGET_NAME)";
				SWIFT_OBJC_BRIDGING_HEADER = "iWorkout/iWorkout-Bridging-Header.h";
				SWIFT_OPTIMIZATION_LEVEL = "-Onone";
				SWIFT_VERSION = 3.0;
			};
			name = Debug;
		};
		93F11FB41C84A127009E6428 /* Release */ = {
			isa = XCBuildConfiguration;
			baseConfigurationReference = DE90B65D63AF8972CCE5622D /* Pods-iWorkout.release.xcconfig */;
			buildSettings = {
				ALWAYS_EMBED_SWIFT_STANDARD_LIBRARIES = YES;
				ASSETCATALOG_COMPILER_APPICON_NAME = AppIcon;
				CLANG_ENABLE_MODULES = YES;
				CODE_SIGN_IDENTITY = "iPhone Developer";
				DEVELOPMENT_TEAM = S7WE6HW865;
				INFOPLIST_FILE = iWorkout/Info.plist;
				IPHONEOS_DEPLOYMENT_TARGET = 9.0;
				LD_RUNPATH_SEARCH_PATHS = "$(inherited) @executable_path/Frameworks";
				PRODUCT_BUNDLE_IDENTIFIER = AlwaysHustlin.iWorkout;
				PRODUCT_NAME = "$(TARGET_NAME)";
				SWIFT_OBJC_BRIDGING_HEADER = "iWorkout/iWorkout-Bridging-Header.h";
				SWIFT_OPTIMIZATION_LEVEL = "-O";
				SWIFT_VERSION = 3.0;
			};
			name = Release;
		};
/* End XCBuildConfiguration section */

/* Begin XCConfigurationList section */
		93F11F961C84A127009E6428 /* Build configuration list for PBXProject "iWorkout" */ = {
			isa = XCConfigurationList;
			buildConfigurations = (
				93F11FB01C84A127009E6428 /* Debug */,
				93F11FB11C84A127009E6428 /* Release */,
			);
			defaultConfigurationIsVisible = 0;
			defaultConfigurationName = Release;
		};
		93F11FB21C84A127009E6428 /* Build configuration list for PBXNativeTarget "iWorkout" */ = {
			isa = XCConfigurationList;
			buildConfigurations = (
				93F11FB31C84A127009E6428 /* Debug */,
				93F11FB41C84A127009E6428 /* Release */,
			);
			defaultConfigurationIsVisible = 0;
			defaultConfigurationName = Release;
		};
/* End XCConfigurationList section */

/* Begin XCVersionGroup section */
		93FF90C71D7F0FFE00A1BBFC /* Model.xcdatamodeld */ = {
			isa = XCVersionGroup;
			children = (
				93FF90C81D7F0FFE00A1BBFC /* Model.xcdatamodel */,
			);
			currentVersion = 93FF90C81D7F0FFE00A1BBFC /* Model.xcdatamodel */;
			path = Model.xcdatamodeld;
			sourceTree = "<group>";
			versionGroupType = wrapper.xcdatamodel;
		};
/* End XCVersionGroup section */
	};
	rootObject = 93F11F931C84A127009E6428 /* Project object */;
}
