// !$*UTF8*$!
{
	archiveVersion = 1;
	classes = {
	};
	objectVersion = 46;
	objects = {

/* Begin PBXBuildFile section */
		93290D951C8BAF8000EBBAA1 /* MainTableViewController.m in Sources */ = {isa = PBXBuildFile; fileRef = 93290D941C8BAF8000EBBAA1 /* MainTableViewController.m */; };
		93290D9B1C8BB39C00EBBAA1 /* CoreDataHelper.m in Sources */ = {isa = PBXBuildFile; fileRef = 93290D9A1C8BB39C00EBBAA1 /* CoreDataHelper.m */; };
		93290D9E1C90FB1D00EBBAA1 /* Workout.m in Sources */ = {isa = PBXBuildFile; fileRef = 93290D9D1C90FB1D00EBBAA1 /* Workout.m */; };
		93843F171CA4F2EE009F1AEE /* SettingsTableViewController.m in Sources */ = {isa = PBXBuildFile; fileRef = 93843F161CA4F2EE009F1AEE /* SettingsTableViewController.m */; };
		938DA3201C913B8B0060F8FD /* WorkoutViewController.m in Sources */ = {isa = PBXBuildFile; fileRef = 938DA31F1C913B8B0060F8FD /* WorkoutViewController.m */; };
		93F11FA01C84A127009E6428 /* main.m in Sources */ = {isa = PBXBuildFile; fileRef = 93F11F9F1C84A127009E6428 /* main.m */; };
		93F11FA31C84A127009E6428 /* AppDelegate.m in Sources */ = {isa = PBXBuildFile; fileRef = 93F11FA21C84A127009E6428 /* AppDelegate.m */; };
		93F11FA61C84A127009E6428 /* ViewController.m in Sources */ = {isa = PBXBuildFile; fileRef = 93F11FA51C84A127009E6428 /* ViewController.m */; };
		93F11FA91C84A127009E6428 /* Main.storyboard in Resources */ = {isa = PBXBuildFile; fileRef = 93F11FA71C84A127009E6428 /* Main.storyboard */; };
		93F11FAB1C84A127009E6428 /* Assets.xcassets in Resources */ = {isa = PBXBuildFile; fileRef = 93F11FAA1C84A127009E6428 /* Assets.xcassets */; };
		93F11FAE1C84A127009E6428 /* LaunchScreen.storyboard in Resources */ = {isa = PBXBuildFile; fileRef = 93F11FAC1C84A127009E6428 /* LaunchScreen.storyboard */; };
		93F11FB71C84A51D009E6428 /* SetupViewController.m in Sources */ = {isa = PBXBuildFile; fileRef = 93F11FB61C84A51D009E6428 /* SetupViewController.m */; };
/* End PBXBuildFile section */

/* Begin PBXFileReference section */
		93290D931C8BAF8000EBBAA1 /* MainTableViewController.h */ = {isa = PBXFileReference; fileEncoding = 4; lastKnownFileType = sourcecode.c.h; path = MainTableViewController.h; sourceTree = "<group>"; };
		93290D941C8BAF8000EBBAA1 /* MainTableViewController.m */ = {isa = PBXFileReference; fileEncoding = 4; lastKnownFileType = sourcecode.c.objc; path = MainTableViewController.m; sourceTree = "<group>"; };
		93290D991C8BB39C00EBBAA1 /* CoreDataHelper.h */ = {isa = PBXFileReference; fileEncoding = 4; lastKnownFileType = sourcecode.c.h; path = CoreDataHelper.h; sourceTree = "<group>"; };
		93290D9A1C8BB39C00EBBAA1 /* CoreDataHelper.m */ = {isa = PBXFileReference; fileEncoding = 4; lastKnownFileType = sourcecode.c.objc; path = CoreDataHelper.m; sourceTree = "<group>"; };
		93290D9C1C90FB1D00EBBAA1 /* Workout.h */ = {isa = PBXFileReference; fileEncoding = 4; lastKnownFileType = sourcecode.c.h; path = Workout.h; sourceTree = "<group>"; };
		93290D9D1C90FB1D00EBBAA1 /* Workout.m */ = {isa = PBXFileReference; fileEncoding = 4; lastKnownFileType = sourcecode.c.objc; path = Workout.m; sourceTree = "<group>"; };
		93843F151CA4F2EE009F1AEE /* SettingsTableViewController.h */ = {isa = PBXFileReference; fileEncoding = 4; lastKnownFileType = sourcecode.c.h; path = SettingsTableViewController.h; sourceTree = "<group>"; };
		93843F161CA4F2EE009F1AEE /* SettingsTableViewController.m */ = {isa = PBXFileReference; fileEncoding = 4; lastKnownFileType = sourcecode.c.objc; path = SettingsTableViewController.m; sourceTree = "<group>"; };
		938DA31E1C913B8B0060F8FD /* WorkoutViewController.h */ = {isa = PBXFileReference; fileEncoding = 4; lastKnownFileType = sourcecode.c.h; path = WorkoutViewController.h; sourceTree = "<group>"; };
		938DA31F1C913B8B0060F8FD /* WorkoutViewController.m */ = {isa = PBXFileReference; fileEncoding = 4; lastKnownFileType = sourcecode.c.objc; path = WorkoutViewController.m; sourceTree = "<group>"; };
		93F11F9B1C84A127009E6428 /* iWorkout.app */ = {isa = PBXFileReference; explicitFileType = wrapper.application; includeInIndex = 0; path = iWorkout.app; sourceTree = BUILT_PRODUCTS_DIR; };
		93F11F9F1C84A127009E6428 /* main.m */ = {isa = PBXFileReference; lastKnownFileType = sourcecode.c.objc; path = main.m; sourceTree = "<group>"; };
		93F11FA11C84A127009E6428 /* AppDelegate.h */ = {isa = PBXFileReference; lastKnownFileType = sourcecode.c.h; path = AppDelegate.h; sourceTree = "<group>"; };
		93F11FA21C84A127009E6428 /* AppDelegate.m */ = {isa = PBXFileReference; lastKnownFileType = sourcecode.c.objc; path = AppDelegate.m; sourceTree = "<group>"; };
		93F11FA41C84A127009E6428 /* ViewController.h */ = {isa = PBXFileReference; lastKnownFileType = sourcecode.c.h; path = ViewController.h; sourceTree = "<group>"; };
		93F11FA51C84A127009E6428 /* ViewController.m */ = {isa = PBXFileReference; lastKnownFileType = sourcecode.c.objc; path = ViewController.m; sourceTree = "<group>"; };
		93F11FA81C84A127009E6428 /* Base */ = {isa = PBXFileReference; lastKnownFileType = file.storyboard; name = Base; path = Base.lproj/Main.storyboard; sourceTree = "<group>"; };
		93F11FAA1C84A127009E6428 /* Assets.xcassets */ = {isa = PBXFileReference; lastKnownFileType = folder.assetcatalog; path = Assets.xcassets; sourceTree = "<group>"; };
		93F11FAD1C84A127009E6428 /* Base */ = {isa = PBXFileReference; lastKnownFileType = file.storyboard; name = Base; path = Base.lproj/LaunchScreen.storyboard; sourceTree = "<group>"; };
		93F11FAF1C84A127009E6428 /* Info.plist */ = {isa = PBXFileReference; lastKnownFileType = text.plist.xml; path = Info.plist; sourceTree = "<group>"; };
		93F11FB51C84A51D009E6428 /* SetupViewController.h */ = {isa = PBXFileReference; fileEncoding = 4; lastKnownFileType = sourcecode.c.h; path = SetupViewController.h; sourceTree = "<group>"; };
		93F11FB61C84A51D009E6428 /* SetupViewController.m */ = {isa = PBXFileReference; fileEncoding = 4; lastKnownFileType = sourcecode.c.objc; path = SetupViewController.m; sourceTree = "<group>"; };
/* End PBXFileReference section */

/* Begin PBXFrameworksBuildPhase section */
		93F11F981C84A127009E6428 /* Frameworks */ = {
			isa = PBXFrameworksBuildPhase;
			buildActionMask = 2147483647;
			files = (
			);
			runOnlyForDeploymentPostprocessing = 0;
		};
/* End PBXFrameworksBuildPhase section */

/* Begin PBXGroup section */
		93290D8F1C8A0F0700EBBAA1 /* Core Data Helpers */ = {
			isa = PBXGroup;
			children = (
				93290D991C8BB39C00EBBAA1 /* CoreDataHelper.h */,
				93290D9A1C8BB39C00EBBAA1 /* CoreDataHelper.m */,
			);
			name = "Core Data Helpers";
			sourceTree = "<group>";
		};
		93F11F921C84A127009E6428 = {
			isa = PBXGroup;
			children = (
				93F11F9D1C84A127009E6428 /* iWorkout */,
				93F11F9C1C84A127009E6428 /* Products */,
			);
			sourceTree = "<group>";
		};
		93F11F9C1C84A127009E6428 /* Products */ = {
			isa = PBXGroup;
			children = (
				93F11F9B1C84A127009E6428 /* iWorkout.app */,
			);
			name = Products;
			sourceTree = "<group>";
		};
		93F11F9D1C84A127009E6428 /* iWorkout */ = {
			isa = PBXGroup;
			children = (
				93290D8F1C8A0F0700EBBAA1 /* Core Data Helpers */,
				93F11FA11C84A127009E6428 /* AppDelegate.h */,
				93F11FA21C84A127009E6428 /* AppDelegate.m */,
				93F11FA41C84A127009E6428 /* ViewController.h */,
				93F11FA51C84A127009E6428 /* ViewController.m */,
				93F11FA71C84A127009E6428 /* Main.storyboard */,
				93F11FAA1C84A127009E6428 /* Assets.xcassets */,
				93F11FAC1C84A127009E6428 /* LaunchScreen.storyboard */,
				93F11FAF1C84A127009E6428 /* Info.plist */,
				93F11F9E1C84A127009E6428 /* Supporting Files */,
				93F11FB51C84A51D009E6428 /* SetupViewController.h */,
				93F11FB61C84A51D009E6428 /* SetupViewController.m */,
				93290D931C8BAF8000EBBAA1 /* MainTableViewController.h */,
				93290D941C8BAF8000EBBAA1 /* MainTableViewController.m */,
				93290D9C1C90FB1D00EBBAA1 /* Workout.h */,
				93290D9D1C90FB1D00EBBAA1 /* Workout.m */,
				938DA31E1C913B8B0060F8FD /* WorkoutViewController.h */,
				938DA31F1C913B8B0060F8FD /* WorkoutViewController.m */,
				93843F151CA4F2EE009F1AEE /* SettingsTableViewController.h */,
				93843F161CA4F2EE009F1AEE /* SettingsTableViewController.m */,
			);
			path = iWorkout;
			sourceTree = "<group>";
		};
		93F11F9E1C84A127009E6428 /* Supporting Files */ = {
			isa = PBXGroup;
			children = (
				93F11F9F1C84A127009E6428 /* main.m */,
			);
			name = "Supporting Files";
			sourceTree = "<group>";
		};
/* End PBXGroup section */

/* Begin PBXNativeTarget section */
		93F11F9A1C84A127009E6428 /* iWorkout */ = {
			isa = PBXNativeTarget;
			buildConfigurationList = 93F11FB21C84A127009E6428 /* Build configuration list for PBXNativeTarget "iWorkout" */;
			buildPhases = (
				93F11F971C84A127009E6428 /* Sources */,
				93F11F981C84A127009E6428 /* Frameworks */,
				93F11F991C84A127009E6428 /* Resources */,
			);
			buildRules = (
			);
			dependencies = (
			);
			name = iWorkout;
			productName = iWorkout;
			productReference = 93F11F9B1C84A127009E6428 /* iWorkout.app */;
			productType = "com.apple.product-type.application";
		};
/* End PBXNativeTarget section */

/* Begin PBXProject section */
		93F11F931C84A127009E6428 /* Project object */ = {
			isa = PBXProject;
			attributes = {
				LastUpgradeCheck = 0720;
				ORGANIZATIONNAME = "Dayan Yonnatan";
				TargetAttributes = {
					93F11F9A1C84A127009E6428 = {
						CreatedOnToolsVersion = 7.2.1;
						DevelopmentTeam = S7WE6HW865;
					};
				};
			};
			buildConfigurationList = 93F11F961C84A127009E6428 /* Build configuration list for PBXProject "iWorkout" */;
			compatibilityVersion = "Xcode 3.2";
			developmentRegion = English;
			hasScannedForEncodings = 0;
			knownRegions = (
				en,
				Base,
			);
			mainGroup = 93F11F921C84A127009E6428;
			productRefGroup = 93F11F9C1C84A127009E6428 /* Products */;
			projectDirPath = "";
			projectRoot = "";
			targets = (
				93F11F9A1C84A127009E6428 /* iWorkout */,
			);
		};
/* End PBXProject section */

/* Begin PBXResourcesBuildPhase section */
		93F11F991C84A127009E6428 /* Resources */ = {
			isa = PBXResourcesBuildPhase;
			buildActionMask = 2147483647;
			files = (
				93F11FAE1C84A127009E6428 /* LaunchScreen.storyboard in Resources */,
				93F11FAB1C84A127009E6428 /* Assets.xcassets in Resources */,
				93F11FA91C84A127009E6428 /* Main.storyboard in Resources */,
			);
			runOnlyForDeploymentPostprocessing = 0;
		};
/* End PBXResourcesBuildPhase section */

/* Begin PBXSourcesBuildPhase section */
		93F11F971C84A127009E6428 /* Sources */ = {
			isa = PBXSourcesBuildPhase;
			buildActionMask = 2147483647;
			files = (
				93290D9B1C8BB39C00EBBAA1 /* CoreDataHelper.m in Sources */,
				93F11FB71C84A51D009E6428 /* SetupViewController.m in Sources */,
				93290D9E1C90FB1D00EBBAA1 /* Workout.m in Sources */,
				93843F171CA4F2EE009F1AEE /* SettingsTableViewController.m in Sources */,
				93F11FA61C84A127009E6428 /* ViewController.m in Sources */,
				938DA3201C913B8B0060F8FD /* WorkoutViewController.m in Sources */,
				93F11FA31C84A127009E6428 /* AppDelegate.m in Sources */,
				93290D951C8BAF8000EBBAA1 /* MainTableViewController.m in Sources */,
				93F11FA01C84A127009E6428 /* main.m in Sources */,
			);
			runOnlyForDeploymentPostprocessing = 0;
		};
/* End PBXSourcesBuildPhase section */

/* Begin PBXVariantGroup section */
		93F11FA71C84A127009E6428 /* Main.storyboard */ = {
			isa = PBXVariantGroup;
			children = (
				93F11FA81C84A127009E6428 /* Base */,
			);
			name = Main.storyboard;
			sourceTree = "<group>";
		};
		93F11FAC1C84A127009E6428 /* LaunchScreen.storyboard */ = {
			isa = PBXVariantGroup;
			children = (
				93F11FAD1C84A127009E6428 /* Base */,
			);
			name = LaunchScreen.storyboard;
			sourceTree = "<group>";
		};
/* End PBXVariantGroup section */

/* Begin XCBuildConfiguration section */
		93F11FB01C84A127009E6428 /* Debug */ = {
			isa = XCBuildConfiguration;
			buildSettings = {
				ALWAYS_SEARCH_USER_PATHS = NO;
				CLANG_CXX_LANGUAGE_STANDARD = "gnu++0x";
				CLANG_CXX_LIBRARY = "libc++";
				CLANG_ENABLE_MODULES = YES;
				CLANG_ENABLE_OBJC_ARC = YES;
				CLANG_WARN_BOOL_CONVERSION = YES;
				CLANG_WARN_CONSTANT_CONVERSION = YES;
				CLANG_WARN_DIRECT_OBJC_ISA_USAGE = YES_ERROR;
				CLANG_WARN_EMPTY_BODY = YES;
				CLANG_WARN_ENUM_CONVERSION = YES;
				CLANG_WARN_INT_CONVERSION = YES;
				CLANG_WARN_OBJC_ROOT_CLASS = YES_ERROR;
				CLANG_WARN_UNREACHABLE_CODE = YES;
				CLANG_WARN__DUPLICATE_METHOD_MATCH = YES;
				"CODE_SIGN_IDENTITY[sdk=iphoneos*]" = "iPhone Developer";
				COPY_PHASE_STRIP = NO;
				DEBUG_INFORMATION_FORMAT = dwarf;
				ENABLE_STRICT_OBJC_MSGSEND = YES;
				ENABLE_TESTABILITY = YES;
				GCC_C_LANGUAGE_STANDARD = gnu99;
				GCC_DYNAMIC_NO_PIC = NO;
				GCC_NO_COMMON_BLOCKS = YES;
				GCC_OPTIMIZATION_LEVEL = 0;
				GCC_PREPROCESSOR_DEFINITIONS = (
					"DEBUG=1",
					"$(inherited)",
				);
				GCC_WARN_64_TO_32_BIT_CONVERSION = YES;
				GCC_WARN_ABOUT_RETURN_TYPE = YES_ERROR;
				GCC_WARN_UNDECLARED_SELECTOR = YES;
				GCC_WARN_UNINITIALIZED_AUTOS = YES_AGGRESSIVE;
				GCC_WARN_UNUSED_FUNCTION = YES;
				GCC_WARN_UNUSED_VARIABLE = YES;
				IPHONEOS_DEPLOYMENT_TARGET = 9.2;
				MTL_ENABLE_DEBUG_INFO = YES;
				ONLY_ACTIVE_ARCH = YES;
				SDKROOT = iphoneos;
			};
			name = Debug;
		};
		93F11FB11C84A127009E6428 /* Release */ = {
			isa = XCBuildConfiguration;
			buildSettings = {
				ALWAYS_SEARCH_USER_PATHS = NO;
				CLANG_CXX_LANGUAGE_STANDARD = "gnu++0x";
				CLANG_CXX_LIBRARY = "libc++";
				CLANG_ENABLE_MODULES = YES;
				CLANG_ENABLE_OBJC_ARC = YES;
				CLANG_WARN_BOOL_CONVERSION = YES;
				CLANG_WARN_CONSTANT_CONVERSION = YES;
				CLANG_WARN_DIRECT_OBJC_ISA_USAGE = YES_ERROR;
				CLANG_WARN_EMPTY_BODY = YES;
				CLANG_WARN_ENUM_CONVERSION = YES;
				CLANG_WARN_INT_CONVERSION = YES;
				CLANG_WARN_OBJC_ROOT_CLASS = YES_ERROR;
				CLANG_WARN_UNREACHABLE_CODE = YES;
				CLANG_WARN__DUPLICATE_METHOD_MATCH = YES;
				"CODE_SIGN_IDENTITY[sdk=iphoneos*]" = "iPhone Developer";
				COPY_PHASE_STRIP = NO;
				DEBUG_INFORMATION_FORMAT = "dwarf-with-dsym";
				ENABLE_NS_ASSERTIONS = NO;
				ENABLE_STRICT_OBJC_MSGSEND = YES;
				GCC_C_LANGUAGE_STANDARD = gnu99;
				GCC_NO_COMMON_BLOCKS = YES;
				GCC_WARN_64_TO_32_BIT_CONVERSION = YES;
				GCC_WARN_ABOUT_RETURN_TYPE = YES_ERROR;
				GCC_WARN_UNDECLARED_SELECTOR = YES;
				GCC_WARN_UNINITIALIZED_AUTOS = YES_AGGRESSIVE;
				GCC_WARN_UNUSED_FUNCTION = YES;
				GCC_WARN_UNUSED_VARIABLE = YES;
				IPHONEOS_DEPLOYMENT_TARGET = 9.2;
				MTL_ENABLE_DEBUG_INFO = NO;
				SDKROOT = iphoneos;
				VALIDATE_PRODUCT = YES;
			};
			name = Release;
		};
		93F11FB31C84A127009E6428 /* Debug */ = {
			isa = XCBuildConfiguration;
			buildSettings = {
				ASSETCATALOG_COMPILER_APPICON_NAME = AppIcon;
				CODE_SIGN_IDENTITY = "iPhone Developer";
				INFOPLIST_FILE = iWorkout/Info.plist;
				IPHONEOS_DEPLOYMENT_TARGET = 9.2;
				LD_RUNPATH_SEARCH_PATHS = "$(inherited) @executable_path/Frameworks";
				PRODUCT_BUNDLE_IDENTIFIER = AlwaysHustlin.iWorkout;
				PRODUCT_NAME = "$(TARGET_NAME)";
			};
			name = Debug;
		};
		93F11FB41C84A127009E6428 /* Release */ = {
			isa = XCBuildConfiguration;
			buildSettings = {
				ASSETCATALOG_COMPILER_APPICON_NAME = AppIcon;
				CODE_SIGN_IDENTITY = "iPhone Developer";
				INFOPLIST_FILE = iWorkout/Info.plist;
				IPHONEOS_DEPLOYMENT_TARGET = 9.2;
				LD_RUNPATH_SEARCH_PATHS = "$(inherited) @executable_path/Frameworks";
				PRODUCT_BUNDLE_IDENTIFIER = AlwaysHustlin.iWorkout;
				PRODUCT_NAME = "$(TARGET_NAME)";
			};
			name = Release;
		};
/* End XCBuildConfiguration section */

/* Begin XCConfigurationList section */
		93F11F961C84A127009E6428 /* Build configuration list for PBXProject "iWorkout" */ = {
			isa = XCConfigurationList;
			buildConfigurations = (
				93F11FB01C84A127009E6428 /* Debug */,
				93F11FB11C84A127009E6428 /* Release */,
			);
			defaultConfigurationIsVisible = 0;
			defaultConfigurationName = Release;
		};
		93F11FB21C84A127009E6428 /* Build configuration list for PBXNativeTarget "iWorkout" */ = {
			isa = XCConfigurationList;
			buildConfigurations = (
				93F11FB31C84A127009E6428 /* Debug */,
				93F11FB41C84A127009E6428 /* Release */,
			);
			defaultConfigurationIsVisible = 0;
			defaultConfigurationName = Release;
		};
/* End XCConfigurationList section */
	};
	rootObject = 93F11F931C84A127009E6428 /* Project object */;
}
